
Microsoft Visual Studio Solution File, Format Version 12.00
# Visual Studio Version 16
VisualStudioVersion = 16.0.31112.23
MinimumVisualStudioVersion = 10.0.40219.1
Project("{FAE04EC0-301F-11D3-BF4B-00C04F79EFBC}") = "TombolaAllTheBeans", "TombolaAllTheBeans\TombolaAllTheBeans.csproj", "{F65F0F65-B27D-4763-AF04-9C69986A18B8}"
EndProject
Project("{FAE04EC0-301F-11D3-BF4B-00C04F79EFBC}") = "TombolaAllTheBeansTests", "TombolaAllTheBeansTests\TombolaAllTheBeansTests.csproj", "{AAC47CD3-3752-4FCC-AEA6-8C623B1EEEAF}"
EndProject
Global
	GlobalSection(SolutionConfigurationPlatforms) = preSolution
		Debug|Any CPU = Debug|Any CPU
		Release|Any CPU = Release|Any CPU
	EndGlobalSection
	GlobalSection(ProjectConfigurationPlatforms) = postSolution
		{F65F0F65-B27D-4763-AF04-9C69986A18B8}.Debug|Any CPU.ActiveCfg = Debug|Any CPU
		{F65F0F65-B27D-4763-AF04-9C69986A18B8}.Debug|Any CPU.Build.0 = Debug|Any CPU
		{F65F0F65-B27D-4763-AF04-9C69986A18B8}.Release|Any CPU.ActiveCfg = Release|Any CPU
		{F65F0F65-B27D-4763-AF04-9C69986A18B8}.Release|Any CPU.Build.0 = Release|Any CPU
		{AAC47CD3-3752-4FCC-AEA6-8C623B1EEEAF}.Debug|Any CPU.ActiveCfg = Debug|Any CPU
		{AAC47CD3-3752-4FCC-AEA6-8C623B1EEEAF}.Debug|Any CPU.Build.0 = Debug|Any CPU
		{AAC47CD3-3752-4FCC-AEA6-8C623B1EEEAF}.Release|Any CPU.ActiveCfg = Release|Any CPU
		{AAC47CD3-3752-4FCC-AEA6-8C623B1EEEAF}.Release|Any CPU.Build.0 = Release|Any CPU
	EndGlobalSection
	GlobalSection(SolutionProperties) = preSolution
		HideSolutionNode = FALSE
	EndGlobalSection
	GlobalSection(ExtensibilityGlobals) = postSolution
		SolutionGuid = {2FCB5CB7-EF04-42E9-9408-910DB539D673}
	EndGlobalSection
EndGlobal
